{
  "version": "5",
  "specifiers": {
    "jsr:@std/assert@1": "1.0.19",
    "jsr:@std/bytes@^1.0.6": "1.0.6",
    "jsr:@std/csv@1": "1.0.6",
    "jsr:@std/internal@^1.0.12": "1.0.14",
    "jsr:@std/streams@^1.0.9": "1.1.2",
    "jsr:@supabase/supabase-js@2": "2.112.2",
    "npm:@supabase/auth-js@2.112.2": "2.112.2",
    "npm:@supabase/functions-js@2.112.2": "2.112.2",
    "npm:@supabase/postgrest-js@2.112.2": "2.112.2",
    "npm:@supabase/realtime-js@2.112.2": "2.112.2",
    "npm:@supabase/storage-js@2.112.2": "2.112.2"
  },
  "jsr": {
    "@std/assert@1.0.19": {
      "integrity": "eaada96ee120cb980bc47e040f82814d786fe8162ecc53c91d8df60b8755991e",
      "dependencies": [
        "jsr:@std/internal"
      ]
    },
    "@std/bytes@1.0.6": {
      "integrity": "f6ac6adbd8ccd99314045f5703e23af0a68d7f7e58364b47d2c7f408aeb5820a"
    },
    "@std/csv@1.0.6": {
      "integrity": "52ef0e62799a0028d278fa04762f17f9bd263fad9a8e7f98c14fbd371d62d9fd",
      "dependencies": [
        "jsr:@std/streams"
      ]
    },
    "@std/internal@1.0.14": {
      "integrity": "291516b3d4c35024d6ffbc0a9df5bf4c64116e05b50012cf846710152d2ffdf7"
    },
    "@std/streams@1.1.2": {
      "integrity": "0249bf9b78a999f57032ca4d8e7ccaa57579090242640b35ddc948fbb745d3af",
      "dependencies": [
        "jsr:@std/bytes"
      ]
    },
    "@supabase/supabase-js@2.112.2": {
      "integrity": "6462b34553f02db1534f534318b0abf46a4d20994e93725233dab75ebbf78b7f",
      "dependencies": [
        "npm:@supabase/auth-js",
        "npm:@supabase/functions-js",
        "npm:@supabase/postgrest-js",
        "npm:@supabase/realtime-js",
        "npm:@supabase/storage-js"
      ]
    }
  },
  "npm": {
    "@supabase/auth-js@2.112.2": {
      "integrity": "sha512-l1InCp4j98d09LZ6+RgubgF4eVPGBGXcLEhFusLg1qUCHJ2IEkYu5FohKK+eaFmIOwEk0kqG/j/lycw5e15mcQ==",
      "dependencies": [
        "tslib"
      ]
    },
    "@supabase/functions-js@2.112.2": {
      "integrity": "sha512-oMuSWN0ERmrG9S6kOM0bwhHmESGVl3kMtkZl2dNCU/r89hMiziX4GfD1omNo9QcBDele4N0GwSZ7hdbpuiA35A==",
      "dependencies": [
        "tslib"
      ]
    },
    "@supabase/phoenix@0.4.5": {
      "integrity": "sha512-aAn9H9ovVyeApKy11OWOrrOGq8DV68yWeH4ud2lN9fzn4aO8Zb5GLL9m1pUg9nLqIcT+ZDfAcsZe0E/nqdv2lw=="
    },
    "@supabase/postgrest-js@2.112.2": {
      "integrity": "sha512-ewhhtRny/HFRGhUTTg/PsqIatsl8OhW8Eha/Tz4S+SRAXBnuhKei9ZpsQTgL/3XcH9UEwuPQyQgQ9itq7nRQeg==",
      "dependencies": [
        "tslib"
      ]
    },
    "@supabase/realtime-js@2.112.2": {
      "integrity": "sha512-cd9/CEUJ6Go13FxtfiuC5rYELJtuQzVzTXlGG+XjSppjDS+anq+xo++WQe7ZRUNTuHOCeyKRwmx9Hw/OQJ04ig==",
      "dependencies": [
        "@supabase/phoenix",
        "tslib"
      ]
    },
    "@supabase/storage-js@2.112.2": {
      "integrity": "sha512-6jyBq/J1iXOHNpbjCZS7gFcDk49iM1MCJUVkDl71gLd/+XnLDzpUBs8icGebtwiHpl4kVszxIRDYAosbF4Rsig==",
      "dependencies": [
        "iceberg-js",
        "tslib"
      ]
    },
    "iceberg-js@0.8.1": {
      "integrity": "sha512-1dhVQZXhcHje7798IVM+xoo/1ZdVfzOMIc8/rgVSijRK38EDqOJoGula9N/8ZI5RD8QTxNQtK/Gozpr+qUqRRA=="
    },
    "tslib@2.8.1": {
      "integrity": "sha512-oJFu94HQb+KVduSUQL7wnpmqnfmLsOA/nAh6b6EH0wCEoK0/mPeXU6c3wKDV83MkOuHPRHtSXKKU99IBazS/2w=="
    }
  },
  "remote": {
    "https://esm.sh/unpdf@1.8.0": "80323e6cae41bf438ae4847680b35cb2045b055795a024c9089ec0f4e942929f",
    "https://esm.sh/unpdf@1.8.0/denonext/pdfjs.mjs": "fa8dfcbce3871b5d0277422f66d1d7ca4e9dd27d2d9b640a21cfd8e4a0acb876",
    "https://esm.sh/unpdf@1.8.0/denonext/unpdf.mjs": "fb6452baa967580576a0f48a208c38d0b81dda92e292c5bddb06efefa32fa3fc",
    "https://esm.sh/xlsx@0.18.5": "feaad96c2697fd87d8d2cbf00030869f6f3cb87afc6f58c92602f1e33309dc03",
    "https://esm.sh/xlsx@0.18.5/denonext/xlsx.mjs": "ecfb971768f8e7758bc4a4b817cd421771935a7e0d3c9819e7cdc4cbecc55dd8"
  },
  "workspace": {
    "dependencies": [
      "jsr:@std/assert@1",
      "jsr:@std/csv@1",
      "jsr:@supabase/supabase-js@2"
    ]
  }
}
